
Microsoft Visual Studio Solution File, Format Version 12.00
# Visual Studio 15
VisualStudioVersion = 15.0.26430.14
MinimumVisualStudioVersion = 10.0.40219.1
Project("{2150E333-8FDC-42A3-9474-1A3956D46DE8}") = "DNN 4", "DNN 4", "{E86BA1C0-1DE0-497A-8913-95243963A754}"
EndProject
Project("{2150E333-8FDC-42A3-9474-1A3956D46DE8}") = "DNN 5", "DNN 5", "{CF1562C6-B1D0-460D-8A96-5FA4C255720C}"
EndProject
Project("{2150E333-8FDC-42A3-9474-1A3956D46DE8}") = "DNN 6", "DNN 6", "{1992FCF3-8C64-45BB-A4E7-F9BAD14D71B6}"
EndProject
Project("{FAE04EC0-301F-11D3-BF4B-00C04F79EFBC}") = "WatchersNET.DNN.Modules.SiteMap-DNN4", "DNN 4\WatchersNET.DNN.Modules.SiteMap-DNN4.csproj", "{0B8EE0B5-F953-48A7-A32C-5B8AAB90592F}"
EndProject
Project("{FAE04EC0-301F-11D3-BF4B-00C04F79EFBC}") = "WatchersNET.DNN.Modules.SiteMap-DNN5", "DNN 5\WatchersNET.DNN.Modules.SiteMap-DNN5.csproj", "{6101D278-8F2A-43F3-AB31-429E57C78ABE}"
	ProjectSection(ProjectDependencies) = postProject
		{0B8EE0B5-F953-48A7-A32C-5B8AAB90592F} = {0B8EE0B5-F953-48A7-A32C-5B8AAB90592F}
		{0E27E6F5-21A5-4BCD-8EFB-B28E9E81979C} = {0E27E6F5-21A5-4BCD-8EFB-B28E9E81979C}
	EndProjectSection
EndProject
Project("{FAE04EC0-301F-11D3-BF4B-00C04F79EFBC}") = "WatchersNET.DNN.Modules.SiteMap-DNN6", "DNN 6\WatchersNET.DNN.Modules.SiteMap-DNN6.csproj", "{0E27E6F5-21A5-4BCD-8EFB-B28E9E81979C}"
EndProject
Project("{2150E333-8FDC-42A3-9474-1A3956D46DE8}") = "DNN 7", "DNN 7", "{0A790205-EFF9-415C-A0B3-93F358D7922B}"
EndProject
Project("{FAE04EC0-301F-11D3-BF4B-00C04F79EFBC}") = "WatchersNET.DNN.Modules.SiteMap-DNN7", "DNN 7\WatchersNET.DNN.Modules.SiteMap-DNN7.csproj", "{F813604C-3594-4C46-81BB-602C3790F9A7}"
EndProject
Global
	GlobalSection(SolutionConfigurationPlatforms) = preSolution
		Debug|Any CPU = Debug|Any CPU
		Deploy|Any CPU = Deploy|Any CPU
		Release|Any CPU = Release|Any CPU
	EndGlobalSection
	GlobalSection(ProjectConfigurationPlatforms) = postSolution
		{0B8EE0B5-F953-48A7-A32C-5B8AAB90592F}.Debug|Any CPU.ActiveCfg = Debug|Any CPU
		{0B8EE0B5-F953-48A7-A32C-5B8AAB90592F}.Debug|Any CPU.Build.0 = Debug|Any CPU
		{0B8EE0B5-F953-48A7-A32C-5B8AAB90592F}.Deploy|Any CPU.ActiveCfg = Deploy|Any CPU
		{0B8EE0B5-F953-48A7-A32C-5B8AAB90592F}.Deploy|Any CPU.Build.0 = Deploy|Any CPU
		{0B8EE0B5-F953-48A7-A32C-5B8AAB90592F}.Release|Any CPU.ActiveCfg = Release|Any CPU
		{0B8EE0B5-F953-48A7-A32C-5B8AAB90592F}.Release|Any CPU.Build.0 = Release|Any CPU
		{6101D278-8F2A-43F3-AB31-429E57C78ABE}.Debug|Any CPU.ActiveCfg = Debug|Any CPU
		{6101D278-8F2A-43F3-AB31-429E57C78ABE}.Debug|Any CPU.Build.0 = Debug|Any CPU
		{6101D278-8F2A-43F3-AB31-429E57C78ABE}.Deploy|Any CPU.ActiveCfg = Deploy|Any CPU
		{6101D278-8F2A-43F3-AB31-429E57C78ABE}.Deploy|Any CPU.Build.0 = Deploy|Any CPU
		{6101D278-8F2A-43F3-AB31-429E57C78ABE}.Release|Any CPU.ActiveCfg = Release|Any CPU
		{6101D278-8F2A-43F3-AB31-429E57C78ABE}.Release|Any CPU.Build.0 = Release|Any CPU
		{0E27E6F5-21A5-4BCD-8EFB-B28E9E81979C}.Debug|Any CPU.ActiveCfg = Debug|Any CPU
		{0E27E6F5-21A5-4BCD-8EFB-B28E9E81979C}.Debug|Any CPU.Build.0 = Debug|Any CPU
		{0E27E6F5-21A5-4BCD-8EFB-B28E9E81979C}.Deploy|Any CPU.ActiveCfg = Deploy|Any CPU
		{0E27E6F5-21A5-4BCD-8EFB-B28E9E81979C}.Deploy|Any CPU.Build.0 = Deploy|Any CPU
		{0E27E6F5-21A5-4BCD-8EFB-B28E9E81979C}.Release|Any CPU.ActiveCfg = Release|Any CPU
		{0E27E6F5-21A5-4BCD-8EFB-B28E9E81979C}.Release|Any CPU.Build.0 = Release|Any CPU
		{F813604C-3594-4C46-81BB-602C3790F9A7}.Debug|Any CPU.ActiveCfg = Debug|Any CPU
		{F813604C-3594-4C46-81BB-602C3790F9A7}.Debug|Any CPU.Build.0 = Debug|Any CPU
		{F813604C-3594-4C46-81BB-602C3790F9A7}.Deploy|Any CPU.ActiveCfg = Deploy|Any CPU
		{F813604C-3594-4C46-81BB-602C3790F9A7}.Deploy|Any CPU.Build.0 = Deploy|Any CPU
		{F813604C-3594-4C46-81BB-602C3790F9A7}.Release|Any CPU.ActiveCfg = Release|Any CPU
		{F813604C-3594-4C46-81BB-602C3790F9A7}.Release|Any CPU.Build.0 = Release|Any CPU
	EndGlobalSection
	GlobalSection(SolutionProperties) = preSolution
		HideSolutionNode = FALSE
	EndGlobalSection
	GlobalSection(NestedProjects) = preSolution
		{0B8EE0B5-F953-48A7-A32C-5B8AAB90592F} = {E86BA1C0-1DE0-497A-8913-95243963A754}
		{6101D278-8F2A-43F3-AB31-429E57C78ABE} = {CF1562C6-B1D0-460D-8A96-5FA4C255720C}
		{0E27E6F5-21A5-4BCD-8EFB-B28E9E81979C} = {1992FCF3-8C64-45BB-A4E7-F9BAD14D71B6}
		{F813604C-3594-4C46-81BB-602C3790F9A7} = {0A790205-EFF9-415C-A0B3-93F358D7922B}
	EndGlobalSection
EndGlobal
