
Microsoft Visual Studio Solution File, Format Version 12.00
# Visual Studio Version 16
VisualStudioVersion = 16.0.31005.135
MinimumVisualStudioVersion = 10.0.40219.1
Project("{FAE04EC0-301F-11D3-BF4B-00C04F79EFBC}") = "WatchersNET.DNN.Modules.SiteMap", "Source\WatchersNET.DNN.Modules.SiteMap.csproj", "{F813604C-3594-4C46-81BB-602C3790F9A7}"
EndProject
Global
	GlobalSection(SolutionConfigurationPlatforms) = preSolution
		Debug|Any CPU = Debug|Any CPU
		Deploy|Any CPU = Deploy|Any CPU
		Release|Any CPU = Release|Any CPU
	EndGlobalSection
	GlobalSection(ProjectConfigurationPlatforms) = postSolution
		{F813604C-3594-4C46-81BB-602C3790F9A7}.Debug|Any CPU.ActiveCfg = Debug|Any CPU
		{F813604C-3594-4C46-81BB-602C3790F9A7}.Debug|Any CPU.Build.0 = Debug|Any CPU
		{F813604C-3594-4C46-81BB-602C3790F9A7}.Deploy|Any CPU.ActiveCfg = Deploy|Any CPU
		{F813604C-3594-4C46-81BB-602C3790F9A7}.Deploy|Any CPU.Build.0 = Deploy|Any CPU
		{F813604C-3594-4C46-81BB-602C3790F9A7}.Release|Any CPU.ActiveCfg = Release|Any CPU
		{F813604C-3594-4C46-81BB-602C3790F9A7}.Release|Any CPU.Build.0 = Release|Any CPU
	EndGlobalSection
	GlobalSection(SolutionProperties) = preSolution
		HideSolutionNode = FALSE
	EndGlobalSection
	GlobalSection(ExtensibilityGlobals) = postSolution
		SolutionGuid = {023922E2-FCB2-4A98-B2B5-10C6A6A4916F}
	EndGlobalSection
EndGlobal
